
Microsoft Visual Studio Solution File, Format Version 12.00
# Visual Studio 14
VisualStudioVersion = 14.0.23107.0
MinimumVisualStudioVersion = 10.0.40219.1
Project("{8BC9CEB8-8B4A-11D0-8D11-00A0C91BC942}") = "3.1", "3.1\3.1.vcxproj", "{E2324D0C-F865-4008-A77F-508C5EF1ACFE}"
EndProject
Project("{8BC9CEB8-8B4A-11D0-8D11-00A0C91BC942}") = "3.2", "3.2\3.2.vcxproj", "{968918FE-EAD7-44AB-8192-329552551B0D}"
EndProject
Project("{8BC9CEB8-8B4A-11D0-8D11-00A0C91BC942}") = "3.3", "3.3\3.3.vcxproj", "{4A8B6AEC-2EEA-475C-A8D3-47A2BE88573A}"
EndProject
Project("{8BC9CEB8-8B4A-11D0-8D11-00A0C91BC942}") = "3.4", "3.4\3.4.vcxproj", "{B1B9824F-8BBD-46C0-B75E-08E3E08FA20A}"
EndProject
Project("{8BC9CEB8-8B4A-11D0-8D11-00A0C91BC942}") = "3.5", "3.5\3.5.vcxproj", "{C9880C6B-7473-4FF4-BC70-788E3C3FCB43}"
EndProject
Project("{8BC9CEB8-8B4A-11D0-8D11-00A0C91BC942}") = "3.6", "3.6\3.6.vcxproj", "{A7D4CC28-BACF-4AD8-8DA1-60E714AEC25E}"
EndProject
Project("{8BC9CEB8-8B4A-11D0-8D11-00A0C91BC942}") = "3.7", "3.7\3.7.vcxproj", "{1739F6F4-5808-4E12-8DE5-1B84C847D3FA}"
EndProject
Project("{8BC9CEB8-8B4A-11D0-8D11-00A0C91BC942}") = "3.8", "3.8\3.8.vcxproj", "{7FD98EA6-E945-4283-A3E8-1CB374C01C82}"
EndProject
Project("{8BC9CEB8-8B4A-11D0-8D11-00A0C91BC942}") = "3.9", "3.9\3.9.vcxproj", "{A8B20353-B573-4CEA-898E-4B8450C8569F}"
EndProject
Project("{8BC9CEB8-8B4A-11D0-8D11-00A0C91BC942}") = "3.10", "3.10\3.10.vcxproj", "{C796CC1A-A753-45A2-9E5B-B585048C46F4}"
EndProject
Project("{8BC9CEB8-8B4A-11D0-8D11-00A0C91BC942}") = "3.11", "3.11\3.11.vcxproj", "{6CD2CE50-0E48-44BB-8F3C-6E55601E14C5}"
EndProject
Project("{8BC9CEB8-8B4A-11D0-8D11-00A0C91BC942}") = "3.12", "3.12\3.12.vcxproj", "{DF062741-2C48-45B8-A745-9F9BF8683EFF}"
EndProject
Project("{8BC9CEB8-8B4A-11D0-8D11-00A0C91BC942}") = "3.13", "3.13\3.13.vcxproj", "{B969132E-DF86-4238-BB07-209CD0F0ABBB}"
EndProject
Project("{8BC9CEB8-8B4A-11D0-8D11-00A0C91BC942}") = "3.14", "3.14\3.14.vcxproj", "{73EFC082-AA1E-4165-AC6B-108940BF96C7}"
EndProject
Global
	GlobalSection(SolutionConfigurationPlatforms) = preSolution
		Debug|x64 = Debug|x64
		Debug|x86 = Debug|x86
		Release|x64 = Release|x64
		Release|x86 = Release|x86
	EndGlobalSection
	GlobalSection(ProjectConfigurationPlatforms) = postSolution
		{E2324D0C-F865-4008-A77F-508C5EF1ACFE}.Debug|x64.ActiveCfg = Debug|x64
		{E2324D0C-F865-4008-A77F-508C5EF1ACFE}.Debug|x64.Build.0 = Debug|x64
		{E2324D0C-F865-4008-A77F-508C5EF1ACFE}.Debug|x86.ActiveCfg = Debug|Win32
		{E2324D0C-F865-4008-A77F-508C5EF1ACFE}.Debug|x86.Build.0 = Debug|Win32
		{E2324D0C-F865-4008-A77F-508C5EF1ACFE}.Release|x64.ActiveCfg = Release|x64
		{E2324D0C-F865-4008-A77F-508C5EF1ACFE}.Release|x64.Build.0 = Release|x64
		{E2324D0C-F865-4008-A77F-508C5EF1ACFE}.Release|x86.ActiveCfg = Release|Win32
		{E2324D0C-F865-4008-A77F-508C5EF1ACFE}.Release|x86.Build.0 = Release|Win32
		{968918FE-EAD7-44AB-8192-329552551B0D}.Debug|x64.ActiveCfg = Debug|x64
		{968918FE-EAD7-44AB-8192-329552551B0D}.Debug|x64.Build.0 = Debug|x64
		{968918FE-EAD7-44AB-8192-329552551B0D}.Debug|x86.ActiveCfg = Debug|Win32
		{968918FE-EAD7-44AB-8192-329552551B0D}.Debug|x86.Build.0 = Debug|Win32
		{968918FE-EAD7-44AB-8192-329552551B0D}.Release|x64.ActiveCfg = Release|x64
		{968918FE-EAD7-44AB-8192-329552551B0D}.Release|x64.Build.0 = Release|x64
		{968918FE-EAD7-44AB-8192-329552551B0D}.Release|x86.ActiveCfg = Release|Win32
		{968918FE-EAD7-44AB-8192-329552551B0D}.Release|x86.Build.0 = Release|Win32
		{4A8B6AEC-2EEA-475C-A8D3-47A2BE88573A}.Debug|x64.ActiveCfg = Debug|x64
		{4A8B6AEC-2EEA-475C-A8D3-47A2BE88573A}.Debug|x64.Build.0 = Debug|x64
		{4A8B6AEC-2EEA-475C-A8D3-47A2BE88573A}.Debug|x86.ActiveCfg = Debug|Win32
		{4A8B6AEC-2EEA-475C-A8D3-47A2BE88573A}.Debug|x86.Build.0 = Debug|Win32
		{4A8B6AEC-2EEA-475C-A8D3-47A2BE88573A}.Release|x64.ActiveCfg = Release|x64
		{4A8B6AEC-2EEA-475C-A8D3-47A2BE88573A}.Release|x64.Build.0 = Release|x64
		{4A8B6AEC-2EEA-475C-A8D3-47A2BE88573A}.Release|x86.ActiveCfg = Release|Win32
		{4A8B6AEC-2EEA-475C-A8D3-47A2BE88573A}.Release|x86.Build.0 = Release|Win32
		{B1B9824F-8BBD-46C0-B75E-08E3E08FA20A}.Debug|x64.ActiveCfg = Debug|x64
		{B1B9824F-8BBD-46C0-B75E-08E3E08FA20A}.Debug|x64.Build.0 = Debug|x64
		{B1B9824F-8BBD-46C0-B75E-08E3E08FA20A}.Debug|x86.ActiveCfg = Debug|Win32
		{B1B9824F-8BBD-46C0-B75E-08E3E08FA20A}.Debug|x86.Build.0 = Debug|Win32
		{B1B9824F-8BBD-46C0-B75E-08E3E08FA20A}.Release|x64.ActiveCfg = Release|x64
		{B1B9824F-8BBD-46C0-B75E-08E3E08FA20A}.Release|x64.Build.0 = Release|x64
		{B1B9824F-8BBD-46C0-B75E-08E3E08FA20A}.Release|x86.ActiveCfg = Release|Win32
		{B1B9824F-8BBD-46C0-B75E-08E3E08FA20A}.Release|x86.Build.0 = Release|Win32
		{C9880C6B-7473-4FF4-BC70-788E3C3FCB43}.Debug|x64.ActiveCfg = Debug|x64
		{C9880C6B-7473-4FF4-BC70-788E3C3FCB43}.Debug|x64.Build.0 = Debug|x64
		{C9880C6B-7473-4FF4-BC70-788E3C3FCB43}.Debug|x86.ActiveCfg = Debug|Win32
		{C9880C6B-7473-4FF4-BC70-788E3C3FCB43}.Debug|x86.Build.0 = Debug|Win32
		{C9880C6B-7473-4FF4-BC70-788E3C3FCB43}.Release|x64.ActiveCfg = Release|x64
		{C9880C6B-7473-4FF4-BC70-788E3C3FCB43}.Release|x64.Build.0 = Release|x64
		{C9880C6B-7473-4FF4-BC70-788E3C3FCB43}.Release|x86.ActiveCfg = Release|Win32
		{C9880C6B-7473-4FF4-BC70-788E3C3FCB43}.Release|x86.Build.0 = Release|Win32
		{A7D4CC28-BACF-4AD8-8DA1-60E714AEC25E}.Debug|x64.ActiveCfg = Debug|x64
		{A7D4CC28-BACF-4AD8-8DA1-60E714AEC25E}.Debug|x64.Build.0 = Debug|x64
		{A7D4CC28-BACF-4AD8-8DA1-60E714AEC25E}.Debug|x86.ActiveCfg = Debug|Win32
		{A7D4CC28-BACF-4AD8-8DA1-60E714AEC25E}.Debug|x86.Build.0 = Debug|Win32
		{A7D4CC28-BACF-4AD8-8DA1-60E714AEC25E}.Release|x64.ActiveCfg = Release|x64
		{A7D4CC28-BACF-4AD8-8DA1-60E714AEC25E}.Release|x64.Build.0 = Release|x64
		{A7D4CC28-BACF-4AD8-8DA1-60E714AEC25E}.Release|x86.ActiveCfg = Release|Win32
		{A7D4CC28-BACF-4AD8-8DA1-60E714AEC25E}.Release|x86.Build.0 = Release|Win32
		{1739F6F4-5808-4E12-8DE5-1B84C847D3FA}.Debug|x64.ActiveCfg = Debug|x64
		{1739F6F4-5808-4E12-8DE5-1B84C847D3FA}.Debug|x64.Build.0 = Debug|x64
		{1739F6F4-5808-4E12-8DE5-1B84C847D3FA}.Debug|x86.ActiveCfg = Debug|Win32
		{1739F6F4-5808-4E12-8DE5-1B84C847D3FA}.Debug|x86.Build.0 = Debug|Win32
		{1739F6F4-5808-4E12-8DE5-1B84C847D3FA}.Release|x64.ActiveCfg = Release|x64
		{1739F6F4-5808-4E12-8DE5-1B84C847D3FA}.Release|x64.Build.0 = Release|x64
		{1739F6F4-5808-4E12-8DE5-1B84C847D3FA}.Release|x86.ActiveCfg = Release|Win32
		{1739F6F4-5808-4E12-8DE5-1B84C847D3FA}.Release|x86.Build.0 = Release|Win32
		{7FD98EA6-E945-4283-A3E8-1CB374C01C82}.Debug|x64.ActiveCfg = Debug|x64
		{7FD98EA6-E945-4283-A3E8-1CB374C01C82}.Debug|x64.Build.0 = Debug|x64
		{7FD98EA6-E945-4283-A3E8-1CB374C01C82}.Debug|x86.ActiveCfg = Debug|Win32
		{7FD98EA6-E945-4283-A3E8-1CB374C01C82}.Debug|x86.Build.0 = Debug|Win32
		{7FD98EA6-E945-4283-A3E8-1CB374C01C82}.Release|x64.ActiveCfg = Release|x64
		{7FD98EA6-E945-4283-A3E8-1CB374C01C82}.Release|x64.Build.0 = Release|x64
		{7FD98EA6-E945-4283-A3E8-1CB374C01C82}.Release|x86.ActiveCfg = Release|Win32
		{7FD98EA6-E945-4283-A3E8-1CB374C01C82}.Release|x86.Build.0 = Release|Win32
		{A8B20353-B573-4CEA-898E-4B8450C8569F}.Debug|x64.ActiveCfg = Debug|x64
		{A8B20353-B573-4CEA-898E-4B8450C8569F}.Debug|x64.Build.0 = Debug|x64
		{A8B20353-B573-4CEA-898E-4B8450C8569F}.Debug|x86.ActiveCfg = Debug|Win32
		{A8B20353-B573-4CEA-898E-4B8450C8569F}.Debug|x86.Build.0 = Debug|Win32
		{A8B20353-B573-4CEA-898E-4B8450C8569F}.Release|x64.ActiveCfg = Release|x64
		{A8B20353-B573-4CEA-898E-4B8450C8569F}.Release|x64.Build.0 = Release|x64
		{A8B20353-B573-4CEA-898E-4B8450C8569F}.Release|x86.ActiveCfg = Release|Win32
		{A8B20353-B573-4CEA-898E-4B8450C8569F}.Release|x86.Build.0 = Release|Win32
		{C796CC1A-A753-45A2-9E5B-B585048C46F4}.Debug|x64.ActiveCfg = Debug|x64
		{C796CC1A-A753-45A2-9E5B-B585048C46F4}.Debug|x64.Build.0 = Debug|x64
		{C796CC1A-A753-45A2-9E5B-B585048C46F4}.Debug|x86.ActiveCfg = Debug|Win32
		{C796CC1A-A753-45A2-9E5B-B585048C46F4}.Debug|x86.Build.0 = Debug|Win32
		{C796CC1A-A753-45A2-9E5B-B585048C46F4}.Release|x64.ActiveCfg = Release|x64
		{C796CC1A-A753-45A2-9E5B-B585048C46F4}.Release|x64.Build.0 = Release|x64
		{C796CC1A-A753-45A2-9E5B-B585048C46F4}.Release|x86.ActiveCfg = Release|Win32
		{C796CC1A-A753-45A2-9E5B-B585048C46F4}.Release|x86.Build.0 = Release|Win32
		{6CD2CE50-0E48-44BB-8F3C-6E55601E14C5}.Debug|x64.ActiveCfg = Debug|x64
		{6CD2CE50-0E48-44BB-8F3C-6E55601E14C5}.Debug|x64.Build.0 = Debug|x64
		{6CD2CE50-0E48-44BB-8F3C-6E55601E14C5}.Debug|x86.ActiveCfg = Debug|Win32
		{6CD2CE50-0E48-44BB-8F3C-6E55601E14C5}.Debug|x86.Build.0 = Debug|Win32
		{6CD2CE50-0E48-44BB-8F3C-6E55601E14C5}.Release|x64.ActiveCfg = Release|x64
		{6CD2CE50-0E48-44BB-8F3C-6E55601E14C5}.Release|x64.Build.0 = Release|x64
		{6CD2CE50-0E48-44BB-8F3C-6E55601E14C5}.Release|x86.ActiveCfg = Release|Win32
		{6CD2CE50-0E48-44BB-8F3C-6E55601E14C5}.Release|x86.Build.0 = Release|Win32
		{DF062741-2C48-45B8-A745-9F9BF8683EFF}.Debug|x64.ActiveCfg = Debug|x64
		{DF062741-2C48-45B8-A745-9F9BF8683EFF}.Debug|x64.Build.0 = Debug|x64
		{DF062741-2C48-45B8-A745-9F9BF8683EFF}.Debug|x86.ActiveCfg = Debug|Win32
		{DF062741-2C48-45B8-A745-9F9BF8683EFF}.Debug|x86.Build.0 = Debug|Win32
		{DF062741-2C48-45B8-A745-9F9BF8683EFF}.Release|x64.ActiveCfg = Release|x64
		{DF062741-2C48-45B8-A745-9F9BF8683EFF}.Release|x64.Build.0 = Release|x64
		{DF062741-2C48-45B8-A745-9F9BF8683EFF}.Release|x86.ActiveCfg = Release|Win32
		{DF062741-2C48-45B8-A745-9F9BF8683EFF}.Release|x86.Build.0 = Release|Win32
		{B969132E-DF86-4238-BB07-209CD0F0ABBB}.Debug|x64.ActiveCfg = Debug|x64
		{B969132E-DF86-4238-BB07-209CD0F0ABBB}.Debug|x64.Build.0 = Debug|x64
		{B969132E-DF86-4238-BB07-209CD0F0ABBB}.Debug|x86.ActiveCfg = Debug|Win32
		{B969132E-DF86-4238-BB07-209CD0F0ABBB}.Debug|x86.Build.0 = Debug|Win32
		{B969132E-DF86-4238-BB07-209CD0F0ABBB}.Release|x64.ActiveCfg = Release|x64
		{B969132E-DF86-4238-BB07-209CD0F0ABBB}.Release|x64.Build.0 = Release|x64
		{B969132E-DF86-4238-BB07-209CD0F0ABBB}.Release|x86.ActiveCfg = Release|Win32
		{B969132E-DF86-4238-BB07-209CD0F0ABBB}.Release|x86.Build.0 = Release|Win32
		{73EFC082-AA1E-4165-AC6B-108940BF96C7}.Debug|x64.ActiveCfg = Debug|x64
		{73EFC082-AA1E-4165-AC6B-108940BF96C7}.Debug|x64.Build.0 = Debug|x64
		{73EFC082-AA1E-4165-AC6B-108940BF96C7}.Debug|x86.ActiveCfg = Debug|Win32
		{73EFC082-AA1E-4165-AC6B-108940BF96C7}.Debug|x86.Build.0 = Debug|Win32
		{73EFC082-AA1E-4165-AC6B-108940BF96C7}.Release|x64.ActiveCfg = Release|x64
		{73EFC082-AA1E-4165-AC6B-108940BF96C7}.Release|x64.Build.0 = Release|x64
		{73EFC082-AA1E-4165-AC6B-108940BF96C7}.Release|x86.ActiveCfg = Release|Win32
		{73EFC082-AA1E-4165-AC6B-108940BF96C7}.Release|x86.Build.0 = Release|Win32
	EndGlobalSection
	GlobalSection(SolutionProperties) = preSolution
		HideSolutionNode = FALSE
	EndGlobalSection
EndGlobal
